{
  "name": "conference",
  "lockfileVersion": 3,
  "requires": true,
  "packages": {
    "": {
      "devDependencies": {
        "@types/alpinejs": "^3.13.11",
        "@types/axios": "^0.9.36",
        "@types/bootstrap": "^5.2.10",
        "@types/cloudflare-turnstile": "^0.2.2",
        "tom-select": "^2.4.3"
      }
    },
    "node_modules/@orchidjs/sifter": {
      "version": "1.1.0",
      "resolved": "https://registry.npmjs.org/@orchidjs/sifter/-/sifter-1.1.0.tgz",
      "integrity": "sha512-mYwHCfr736cIWWdhhSZvDbf90AKt2xyrJspKFC3qyIJG1LtrJeJunYEqCGG4Aq2ijENbc4WkOjszcvNaIAS/pQ==",
      "dev": true,
      "license": "Apache-2.0",
      "dependencies": {
        "@orchidjs/unicode-variants": "^1.1.2"
      }
    },
    "node_modules/@orchidjs/unicode-variants": {
      "version": "1.1.2",
      "resolved": "https://registry.npmjs.org/@orchidjs/unicode-variants/-/unicode-variants-1.1.2.tgz",
      "integrity": "sha512-5DobW1CHgnBROOEpFlEXytED5OosEWESFvg/VYmH0143oXcijYTprRYJTs+55HzGM4IqxiLFSuqEzu9mPNwVsA==",
      "dev": true,
      "license": "Apache-2.0"
    },
    "node_modules/@popperjs/core": {
      "version": "2.11.8",
      "resolved": "https://registry.npmjs.org/@popperjs/core/-/core-2.11.8.tgz",
      "integrity": "sha512-P1st0aksCrn9sGZhp8GMYwBnQsbvAWsZAX44oXNNvLHGqAOcoVxmjZiohstwQ7SqKnbR47akdNi+uleWD8+g6A==",
      "dev": true,
      "license": "MIT",
      "funding": {
        "type": "opencollective",
        "url": "https://opencollective.com/popperjs"
      }
    },
    "node_modules/@types/alpinejs": {
      "version": "3.13.11",
      "resolved": "https://registry.npmjs.org/@types/alpinejs/-/alpinejs-3.13.11.tgz",
      "integrity": "sha512-3KhGkDixCPiLdL3Z/ok1GxHwLxEWqQOKJccgaQL01wc0EVM2tCTaqlC3NIedmxAXkVzt/V6VTM8qPgnOHKJ1MA==",
      "dev": true,
      "license": "MIT"
    },
    "node_modules/@types/axios": {
      "version": "0.9.36",
      "resolved": "https://registry.npmjs.org/@types/axios/-/axios-0.9.36.tgz",
      "integrity": "sha512-NLOpedx9o+rxo/X5ChbdiX6mS1atE4WHmEEIcR9NLenRVa5HoVjAvjafwU3FPTqnZEstpoqCaW7fagqSoTDNeg==",
      "dev": true,
      "license": "MIT"
    },
    "node_modules/@types/bootstrap": {
      "version": "5.2.10",
      "resolved": "https://registry.npmjs.org/@types/bootstrap/-/bootstrap-5.2.10.tgz",
      "integrity": "sha512-F2X+cd6551tep0MvVZ6nM8v7XgGN/twpdNDjqS1TUM7YFNEtQYWk+dKAnH+T1gr6QgCoGMPl487xw/9hXooa2g==",
      "dev": true,
      "license": "MIT",
      "dependencies": {
        "@popperjs/core": "^2.9.2"
      }
    },
    "node_modules/@types/cloudflare-turnstile": {
      "version": "0.2.2",
      "resolved": "https://registry.npmjs.org/@types/cloudflare-turnstile/-/cloudflare-turnstile-0.2.2.tgz",
      "integrity": "sha512-3Yf7b1Glci+V2bFWwWBbZkRgTuegp7RDgNTOG4U0UNPB9RV4AWvwqg2/qqLff8G+SwKFNXoXvTkqaRBZrAFdKA==",
      "dev": true,
      "license": "MIT"
    },
    "node_modules/tom-select": {
      "version": "2.4.3",
      "resolved": "https://registry.npmjs.org/tom-select/-/tom-select-2.4.3.tgz",
      "integrity": "sha512-MFFrMxP1bpnAMPbdvPCZk0KwYxLqhYZso39torcdoefeV/NThNyDu8dV96/INJ5XQVTL3O55+GqQ78Pkj5oCfw==",
      "dev": true,
      "license": "Apache-2.0",
      "dependencies": {
        "@orchidjs/sifter": "^1.1.0",
        "@orchidjs/unicode-variants": "^1.1.2"
      },
      "engines": {
        "node": "*"
      },
      "funding": {
        "type": "opencollective",
        "url": "https://opencollective.com/tom-select"
      }
    }
  }
}
